Microsoft Visual Studio Solution File, Format Version 12.00
# Visual Studio Version 17
VisualStudioVersion = 17.5.2.0
MinimumVisualStudioVersion = 10.0.40219.1
Project("{FAE04EC0-301F-11D3-BF4B-00C04F79EFBC}") = "Login_and_Signup", "Login_and_Signup.csproj", "{40E5F2A7-C780-2CD2-4A60-A68A805E8221}"
EndProject
Global
	GlobalSection(SolutionConfigurationPlatforms) = preSolution
		Debug|Any CPU = Debug|Any CPU
		Release|Any CPU = Release|Any CPU
	EndGlobalSection
	GlobalSection(ProjectConfigurationPlatforms) = postSolution
		{40E5F2A7-C780-2CD2-4A60-A68A805E8221}.Debug|Any CPU.ActiveCfg = Debug|Any CPU
		{40E5F2A7-C780-2CD2-4A60-A68A805E8221}.Debug|Any CPU.Build.0 = Debug|Any CPU
		{40E5F2A7-C780-2CD2-4A60-A68A805E8221}.Release|Any CPU.ActiveCfg = Release|Any CPU
		{40E5F2A7-C780-2CD2-4A60-A68A805E8221}.Release|Any CPU.Build.0 = Release|Any CPU
	EndGlobalSection
	GlobalSection(SolutionProperties) = preSolution
		HideSolutionNode = FALSE
	EndGlobalSection
	GlobalSection(ExtensibilityGlobals) = postSolution
		SolutionGuid = {58C8E5BF-0A9E-485F-ABF2-86E7AFDDBC2F}
	EndGlobalSection
EndGlobal
